// !$*UTF8*$!
{
	archiveVersion = 1;
	classes = {
	};
	objectVersion = 56;
	objects = {

/* Begin PBXBuildFile section */
		74995F0F2AAE0D3D001CC74B /* swapi_swiftuiApp.swift in Sources */ = {isa = PBXBuildFile; fileRef = 74995F0E2AAE0D3D001CC74B /* swapi_swiftuiApp.swift */; };
		74995F112AAE0D3D001CC74B /* ContentView.swift in Sources */ = {isa = PBXBuildFile; fileRef = 74995F102AAE0D3D001CC74B /* ContentView.swift */; };
		74995F132AAE0D3E001CC74B /* Assets.xcassets in Resources */ = {isa = PBXBuildFile; fileRef = 74995F122AAE0D3E001CC74B /* Assets.xcassets */; };
		74995F172AAE0D3E001CC74B /* Preview Assets.xcassets in Resources */ = {isa = PBXBuildFile; fileRef = 74995F162AAE0D3E001CC74B /* Preview Assets.xcassets */; };
		74995F212AAE0D3F001CC74B /* swapi_swiftuiTests.swift in Sources */ = {isa = PBXBuildFile; fileRef = 74995F202AAE0D3F001CC74B /* swapi_swiftuiTests.swift */; };
		74995F2B2AAE0D3F001CC74B /* swapi_swiftuiUITests.swift in Sources */ = {isa = PBXBuildFile; fileRef = 74995F2A2AAE0D3F001CC74B /* swapi_swiftuiUITests.swift */; };
		74995F2D2AAE0D3F001CC74B /* swapi_swiftuiUITestsLaunchTests.swift in Sources */ = {isa = PBXBuildFile; fileRef = 74995F2C2AAE0D3F001CC74B /* swapi_swiftuiUITestsLaunchTests.swift */; };
/* End PBXBuildFile section */

/* Begin PBXContainerItemProxy section */
		74995F1D2AAE0D3F001CC74B /* PBXContainerItemProxy */ = {
			isa = PBXContainerItemProxy;
			containerPortal = 74995F032AAE0D3D001CC74B /* Project object */;
			proxyType = 1;
			remoteGlobalIDString = 74995F0A2AAE0D3D001CC74B;
			remoteInfo = "swapi-swiftui";
		};
		74995F272AAE0D3F001CC74B /* PBXContainerItemProxy */ = {
			isa = PBXContainerItemProxy;
			containerPortal = 74995F032AAE0D3D001CC74B /* Project object */;
			proxyType = 1;
			remoteGlobalIDString = 74995F0A2AAE0D3D001CC74B;
			remoteInfo = "swapi-swiftui";
		};
/* End PBXContainerItemProxy section */

/* Begin PBXFileReference section */
		74995F0B2AAE0D3D001CC74B /* swapi-swiftui.app */ = {isa = PBXFileReference; explicitFileType = wrapper.application; includeInIndex = 0; path = "swapi-swiftui.app"; sourceTree = BUILT_PRODUCTS_DIR; };
		74995F0E2AAE0D3D001CC74B /* swapi_swiftuiApp.swift */ = {isa = PBXFileReference; lastKnownFileType = sourcecode.swift; path = swapi_swiftuiApp.swift; sourceTree = "<group>"; };
		74995F102AAE0D3D001CC74B /* ContentView.swift */ = {isa = PBXFileReference; lastKnownFileType = sourcecode.swift; path = ContentView.swift; sourceTree = "<group>"; };
		74995F122AAE0D3E001CC74B /* Assets.xcassets */ = {isa = PBXFileReference; lastKnownFileType = folder.assetcatalog; path = Assets.xcassets; sourceTree = "<group>"; };
		74995F142AAE0D3E001CC74B /* swapi_swiftui.entitlements */ = {isa = PBXFileReference; lastKnownFileType = text.plist.entitlements; path = swapi_swiftui.entitlements; sourceTree = "<group>"; };
		74995F162AAE0D3E001CC74B /* Preview Assets.xcassets */ = {isa = PBXFileReference; lastKnownFileType = folder.assetcatalog; path = "Preview Assets.xcassets"; sourceTree = "<group>"; };
		74995F1C2AAE0D3F001CC74B /* swapi-swiftuiTests.xctest */ = {isa = PBXFileReference; explicitFileType = wrapper.cfbundle; includeInIndex = 0; path = "swapi-swiftuiTests.xctest"; sourceTree = BUILT_PRODUCTS_DIR; };
		74995F202AAE0D3F001CC74B /* swapi_swiftuiTests.swift */ = {isa = PBXFileReference; lastKnownFileType = sourcecode.swift; path = swapi_swiftuiTests.swift; sourceTree = "<group>"; };
		74995F262AAE0D3F001CC74B /* swapi-swiftuiUITests.xctest */ = {isa = PBXFileReference; explicitFileType = wrapper.cfbundle; includeInIndex = 0; path = "swapi-swiftuiUITests.xctest"; sourceTree = BUILT_PRODUCTS_DIR; };
		74995F2A2AAE0D3F001CC74B /* swapi_swiftuiUITests.swift */ = {isa = PBXFileReference; lastKnownFileType = sourcecode.swift; path = swapi_swiftuiUITests.swift; sourceTree = "<group>"; };
		74995F2C2AAE0D3F001CC74B /* swapi_swiftuiUITestsLaunchTests.swift */ = {isa = PBXFileReference; lastKnownFileType = sourcecode.swift; path = swapi_swiftuiUITestsLaunchTests.swift; sourceTree = "<group>"; };
/* End PBXFileReference section */

/* Begin PBXFrameworksBuildPhase section */
		74995F082AAE0D3D001CC74B /* Frameworks */ = {
			isa = PBXFrameworksBuildPhase;
			buildActionMask = 2147483647;
			files = (
			);
			runOnlyForDeploymentPostprocessing = 0;
		};
		74995F192AAE0D3F001CC74B /* Frameworks */ = {
			isa = PBXFrameworksBuildPhase;
			buildActionMask = 2147483647;
			files = (
			);
			runOnlyForDeploymentPostprocessing = 0;
		};
		74995F232AAE0D3F001CC74B /* Frameworks */ = {
			isa = PBXFrameworksBuildPhase;
			buildActionMask = 2147483647;
			files = (
			);
			runOnlyForDeploymentPostprocessing = 0;
		};
/* End PBXFrameworksBuildPhase section */

/* Begin PBXGroup section */
		74995F022AAE0D3D001CC74B = {
			isa = PBXGroup;
			children = (
				74995F0D2AAE0D3D001CC74B /* swapi-swiftui */,
				74995F1F2AAE0D3F001CC74B /* swapi-swiftuiTests */,
				74995F292AAE0D3F001CC74B /* swapi-swiftuiUITests */,
				74995F0C2AAE0D3D001CC74B /* Products */,
			);
			sourceTree = "<group>";
		};
		74995F0C2AAE0D3D001CC74B /* Products */ = {
			isa = PBXGroup;
			children = (
				74995F0B2AAE0D3D001CC74B /* swapi-swiftui.app */,
				74995F1C2AAE0D3F001CC74B /* swapi-swiftuiTests.xctest */,
				74995F262AAE0D3F001CC74B /* swapi-swiftuiUITests.xctest */,
			);
			name = Products;
			sourceTree = "<group>";
		};
		74995F0D2AAE0D3D001CC74B /* swapi-swiftui */ = {
			isa = PBXGroup;
			children = (
				74995F0E2AAE0D3D001CC74B /* swapi_swiftuiApp.swift */,
				74995F102AAE0D3D001CC74B /* ContentView.swift */,
				74995F122AAE0D3E001CC74B /* Assets.xcassets */,
				74995F142AAE0D3E001CC74B /* swapi_swiftui.entitlements */,
				74995F152AAE0D3E001CC74B /* Preview Content */,
			);
			path = "swapi-swiftui";
			sourceTree = "<group>";
		};
		74995F152AAE0D3E001CC74B /* Preview Content */ = {
			isa = PBXGroup;
			children = (
				74995F162AAE0D3E001CC74B /* Preview Assets.xcassets */,
			);
			path = "Preview Content";
			sourceTree = "<group>";
		};
		74995F1F2AAE0D3F001CC74B /* swapi-swiftuiTests */ = {
			isa = PBXGroup;
			children = (
				74995F202AAE0D3F001CC74B /* swapi_swiftuiTests.swift */,
			);
			path = "swapi-swiftuiTests";
			sourceTree = "<group>";
		};
		74995F292AAE0D3F001CC74B /* swapi-swiftuiUITests */ = {
			isa = PBXGroup;
			children = (
				74995F2A2AAE0D3F001CC74B /* swapi_swiftuiUITests.swift */,
				74995F2C2AAE0D3F001CC74B /* swapi_swiftuiUITestsLaunchTests.swift */,
			);
			path = "swapi-swiftuiUITests";
			sourceTree = "<group>";
		};
/* End PBXGroup section */

/* Begin PBXNativeTarget section */
		74995F0A2AAE0D3D001CC74B /* swapi-swiftui */ = {
			isa = PBXNativeTarget;
			buildConfigurationList = 74995F302AAE0D3F001CC74B /* Build configuration list for PBXNativeTarget "swapi-swiftui" */;
			buildPhases = (
				74995F072AAE0D3D001CC74B /* Sources */,
				74995F082AAE0D3D001CC74B /* Frameworks */,
				74995F092AAE0D3D001CC74B /* Resources */,
			);
			buildRules = (
			);
			dependencies = (
			);
			name = "swapi-swiftui";
			productName = "swapi-swiftui";
			productReference = 74995F0B2AAE0D3D001CC74B /* swapi-swiftui.app */;
			productType = "com.apple.product-type.application";
		};
		74995F1B2AAE0D3F001CC74B /* swapi-swiftuiTests */ = {
			isa = PBXNativeTarget;
			buildConfigurationList = 74995F332AAE0D3F001CC74B /* Build configuration list for PBXNativeTarget "swapi-swiftuiTests" */;
			buildPhases = (
				74995F182AAE0D3F001CC74B /* Sources */,
				74995F192AAE0D3F001CC74B /* Frameworks */,
				74995F1A2AAE0D3F001CC74B /* Resources */,
			);
			buildRules = (
			);
			dependencies = (
				74995F1E2AAE0D3F001CC74B /* PBXTargetDependency */,
			);
			name = "swapi-swiftuiTests";
			productName = "swapi-swiftuiTests";
			productReference = 74995F1C2AAE0D3F001CC74B /* swapi-swiftuiTests.xctest */;
			productType = "com.apple.product-type.bundle.unit-test";
		};
		74995F252AAE0D3F001CC74B /* swapi-swiftuiUITests */ = {
			isa = PBXNativeTarget;
			buildConfigurationList = 74995F362AAE0D3F001CC74B /* Build configuration list for PBXNativeTarget "swapi-swiftuiUITests" */;
			buildPhases = (
				74995F222AAE0D3F001CC74B /* Sources */,
				74995F232AAE0D3F001CC74B /* Frameworks */,
				74995F242AAE0D3F001CC74B /* Resources */,
			);
			buildRules = (
			);
			dependencies = (
				74995F282AAE0D3F001CC74B /* PBXTargetDependency */,
			);
			name = "swapi-swiftuiUITests";
			productName = "swapi-swiftuiUITests";
			productReference = 74995F262AAE0D3F001CC74B /* swapi-swiftuiUITests.xctest */;
			productType = "com.apple.product-type.bundle.ui-testing";
		};
/* End PBXNativeTarget section */

/* Begin PBXProject section */
		74995F032AAE0D3D001CC74B /* Project object */ = {
			isa = PBXProject;
			attributes = {
				BuildIndependentTargetsInParallel = 1;
				LastSwiftUpdateCheck = 1430;
				LastUpgradeCheck = 1430;
				TargetAttributes = {
					74995F0A2AAE0D3D001CC74B = {
						CreatedOnToolsVersion = 14.3.1;
					};
					74995F1B2AAE0D3F001CC74B = {
						CreatedOnToolsVersion = 14.3.1;
						TestTargetID = 74995F0A2AAE0D3D001CC74B;
					};
					74995F252AAE0D3F001CC74B = {
						CreatedOnToolsVersion = 14.3.1;
						TestTargetID = 74995F0A2AAE0D3D001CC74B;
					};
				};
			};
			buildConfigurationList = 74995F062AAE0D3D001CC74B /* Build configuration list for PBXProject "swapi-swiftui" */;
			compatibilityVersion = "Xcode 14.0";
			developmentRegion = en;
			hasScannedForEncodings = 0;
			knownRegions = (
				en,
				Base,
			);
			mainGroup = 74995F022AAE0D3D001CC74B;
			productRefGroup = 74995F0C2AAE0D3D001CC74B /* Products */;
			projectDirPath = "";
			projectRoot = "";
			targets = (
				74995F0A2AAE0D3D001CC74B /* swapi-swiftui */,
				74995F1B2AAE0D3F001CC74B /* swapi-swiftuiTests */,
				74995F252AAE0D3F001CC74B /* swapi-swiftuiUITests */,
			);
		};
/* End PBXProject section */

/* Begin PBXResourcesBuildPhase section */
		74995F092AAE0D3D001CC74B /* Resources */ = {
			isa = PBXResourcesBuildPhase;
			buildActionMask = 2147483647;
			files = (
				74995F172AAE0D3E001CC74B /* Preview Assets.xcassets in Resources */,
				74995F132AAE0D3E001CC74B /* Assets.xcassets in Resources */,
			);
			runOnlyForDeploymentPostprocessing = 0;
		};
		74995F1A2AAE0D3F001CC74B /* Resources */ = {
			isa = PBXResourcesBuildPhase;
			buildActionMask = 2147483647;
			files = (
			);
			runOnlyForDeploymentPostprocessing = 0;
		};
		74995F242AAE0D3F001CC74B /* Resources */ = {
			isa = PBXResourcesBuildPhase;
			buildActionMask = 2147483647;
			files = (
			);
			runOnlyForDeploymentPostprocessing = 0;
		};
/* End PBXResourcesBuildPhase section */

/* Begin PBXSourcesBuildPhase section */
		74995F072AAE0D3D001CC74B /* Sources */ = {
			isa = PBXSourcesBuildPhase;
			buildActionMask = 2147483647;
			files = (
				74995F112AAE0D3D001CC74B /* ContentView.swift in Sources */,
				74995F0F2AAE0D3D001CC74B /* swapi_swiftuiApp.swift in Sources */,
			);
			runOnlyForDeploymentPostprocessing = 0;
		};
		74995F182AAE0D3F001CC74B /* Sources */ = {
			isa = PBXSourcesBuildPhase;
			buildActionMask = 2147483647;
			files = (
				74995F212AAE0D3F001CC74B /* swapi_swiftuiTests.swift in Sources */,
			);
			runOnlyForDeploymentPostprocessing = 0;
		};
		74995F222AAE0D3F001CC74B /* Sources */ = {
			isa = PBXSourcesBuildPhase;
			buildActionMask = 2147483647;
			files = (
				74995F2B2AAE0D3F001CC74B /* swapi_swiftuiUITests.swift in Sources */,
				74995F2D2AAE0D3F001CC74B /* swapi_swiftuiUITestsLaunchTests.swift in Sources */,
			);
			runOnlyForDeploymentPostprocessing = 0;
		};
/* End PBXSourcesBuildPhase section */

/* Begin PBXTargetDependency section */
		74995F1E2AAE0D3F001CC74B /* PBXTargetDependency */ = {
			isa = PBXTargetDependency;
			target = 74995F0A2AAE0D3D001CC74B /* swapi-swiftui */;
			targetProxy = 74995F1D2AAE0D3F001CC74B /* PBXContainerItemProxy */;
		};
		74995F282AAE0D3F001CC74B /* PBXTargetDependency */ = {
			isa = PBXTargetDependency;
			target = 74995F0A2AAE0D3D001CC74B /* swapi-swiftui */;
			targetProxy = 74995F272AAE0D3F001CC74B /* PBXContainerItemProxy */;
		};
/* End PBXTargetDependency section */

/* Begin XCBuildConfiguration section */
		74995F2E2AAE0D3F001CC74B /* Debug */ = {
			isa = XCBuildConfiguration;
			buildSettings = {
				ALWAYS_SEARCH_USER_PATHS = NO;
				CLANG_ANALYZER_NONNULL = YES;
				CLANG_ANALYZER_NUMBER_OBJECT_CONVERSION = YES_AGGRESSIVE;
				CLANG_CXX_LANGUAGE_STANDARD = "gnu++20";
				CLANG_ENABLE_MODULES = YES;
				CLANG_ENABLE_OBJC_ARC = YES;
				CLANG_ENABLE_OBJC_WEAK = YES;
				CLANG_WARN_BLOCK_CAPTURE_AUTORELEASING = YES;
				CLANG_WARN_BOOL_CONVERSION = YES;
				CLANG_WARN_COMMA = YES;
				CLANG_WARN_CONSTANT_CONVERSION = YES;
				CLANG_WARN_DEPRECATED_OBJC_IMPLEMENTATIONS = YES;
				CLANG_WARN_DIRECT_OBJC_ISA_USAGE = YES_ERROR;
				CLANG_WARN_DOCUMENTATION_COMMENTS = YES;
				CLANG_WARN_EMPTY_BODY = YES;
				CLANG_WARN_ENUM_CONVERSION = YES;
				CLANG_WARN_INFINITE_RECURSION = YES;
				CLANG_WARN_INT_CONVERSION = YES;
				CLANG_WARN_NON_LITERAL_NULL_CONVERSION = YES;
				CLANG_WARN_OBJC_IMPLICIT_RETAIN_SELF = YES;
				CLANG_WARN_OBJC_LITERAL_CONVERSION = YES;
				CLANG_WARN_OBJC_ROOT_CLASS = YES_ERROR;
				CLANG_WARN_QUOTED_INCLUDE_IN_FRAMEWORK_HEADER = YES;
				CLANG_WARN_RANGE_LOOP_ANALYSIS = YES;
				CLANG_WARN_STRICT_PROTOTYPES = YES;
				CLANG_WARN_SUSPICIOUS_MOVE = YES;
				CLANG_WARN_UNGUARDED_AVAILABILITY = YES_AGGRESSIVE;
				CLANG_WARN_UNREACHABLE_CODE = YES;
				CLANG_WARN__DUPLICATE_METHOD_MATCH = YES;
				COPY_PHASE_STRIP = NO;
				DEBUG_INFORMATION_FORMAT = dwarf;
				ENABLE_STRICT_OBJC_MSGSEND = YES;
				ENABLE_TESTABILITY = YES;
				GCC_C_LANGUAGE_STANDARD = gnu11;
				GCC_DYNAMIC_NO_PIC = NO;
				GCC_NO_COMMON_BLOCKS = YES;
				GCC_OPTIMIZATION_LEVEL = 0;
				GCC_PREPROCESSOR_DEFINITIONS = (
					"DEBUG=1",
					"$(inherited)",
				);
				GCC_WARN_64_TO_32_BIT_CONVERSION = YES;
				GCC_WARN_ABOUT_RETURN_TYPE = YES_ERROR;
				GCC_WARN_UNDECLARED_SELECTOR = YES;
				GCC_WARN_UNINITIALIZED_AUTOS = YES_AGGRESSIVE;
				GCC_WARN_UNUSED_FUNCTION = YES;
				GCC_WARN_UNUSED_VARIABLE = YES;
				MTL_ENABLE_DEBUG_INFO = INCLUDE_SOURCE;
				MTL_FAST_MATH = YES;
				ONLY_ACTIVE_ARCH = YES;
				SWIFT_ACTIVE_COMPILATION_CONDITIONS = DEBUG;
				SWIFT_OPTIMIZATION_LEVEL = "-Onone";
			};
			name = Debug;
		};
		74995F2F2AAE0D3F001CC74B /* Release */ = {
			isa = XCBuildConfiguration;
			buildSettings = {
				ALWAYS_SEARCH_USER_PATHS = NO;
				CLANG_ANALYZER_NONNULL = YES;
				CLANG_ANALYZER_NUMBER_OBJECT_CONVERSION = YES_AGGRESSIVE;
				CLANG_CXX_LANGUAGE_STANDARD = "gnu++20";
				CLANG_ENABLE_MODULES = YES;
				CLANG_ENABLE_OBJC_ARC = YES;
				CLANG_ENABLE_OBJC_WEAK = YES;
				CLANG_WARN_BLOCK_CAPTURE_AUTORELEASING = YES;
				CLANG_WARN_BOOL_CONVERSION = YES;
				CLANG_WARN_COMMA = YES;
				CLANG_WARN_CONSTANT_CONVERSION = YES;
				CLANG_WARN_DEPRECATED_OBJC_IMPLEMENTATIONS = YES;
				CLANG_WARN_DIRECT_OBJC_ISA_USAGE = YES_ERROR;
				CLANG_WARN_DOCUMENTATION_COMMENTS = YES;
				CLANG_WARN_EMPTY_BODY = YES;
				CLANG_WARN_ENUM_CONVERSION = YES;
				CLANG_WARN_INFINITE_RECURSION = YES;
				CLANG_WARN_INT_CONVERSION = YES;
				CLANG_WARN_NON_LITERAL_NULL_CONVERSION = YES;
				CLANG_WARN_OBJC_IMPLICIT_RETAIN_SELF = YES;
				CLANG_WARN_OBJC_LITERAL_CONVERSION = YES;
				CLANG_WARN_OBJC_ROOT_CLASS = YES_ERROR;
				CLANG_WARN_QUOTED_INCLUDE_IN_FRAMEWORK_HEADER = YES;
				CLANG_WARN_RANGE_LOOP_ANALYSIS = YES;
				CLANG_WARN_STRICT_PROTOTYPES = YES;
				CLANG_WARN_SUSPICIOUS_MOVE = YES;
				CLANG_WARN_UNGUARDED_AVAILABILITY = YES_AGGRESSIVE;
				CLANG_WARN_UNREACHABLE_CODE = YES;
				CLANG_WARN__DUPLICATE_METHOD_MATCH = YES;
				COPY_PHASE_STRIP = NO;
				DEBUG_INFORMATION_FORMAT = "dwarf-with-dsym";
				ENABLE_NS_ASSERTIONS = NO;
				ENABLE_STRICT_OBJC_MSGSEND = YES;
				GCC_C_LANGUAGE_STANDARD = gnu11;
				GCC_NO_COMMON_BLOCKS = YES;
				GCC_WARN_64_TO_32_BIT_CONVERSION = YES;
				GCC_WARN_ABOUT_RETURN_TYPE = YES_ERROR;
				GCC_WARN_UNDECLARED_SELECTOR = YES;
				GCC_WARN_UNINITIALIZED_AUTOS = YES_AGGRESSIVE;
				GCC_WARN_UNUSED_FUNCTION = YES;
				GCC_WARN_UNUSED_VARIABLE = YES;
				MTL_ENABLE_DEBUG_INFO = NO;
				MTL_FAST_MATH = YES;
				SWIFT_COMPILATION_MODE = wholemodule;
				SWIFT_OPTIMIZATION_LEVEL = "-O";
			};
			name = Release;
		};
		74995F312AAE0D3F001CC74B /* Debug */ = {
			isa = XCBuildConfiguration;
			buildSettings = {
				ASSETCATALOG_COMPILER_APPICON_NAME = AppIcon;
				ASSETCATALOG_COMPILER_GLOBAL_ACCENT_COLOR_NAME = AccentColor;
				CODE_SIGN_ENTITLEMENTS = "swapi-swiftui/swapi_swiftui.entitlements";
				CODE_SIGN_STYLE = Automatic;
				CURRENT_PROJECT_VERSION = 1;
				DEVELOPMENT_ASSET_PATHS = "\"swapi-swiftui/Preview Content\"";
				ENABLE_PREVIEWS = YES;
				GENERATE_INFOPLIST_FILE = YES;
				"INFOPLIST_KEY_UIApplicationSceneManifest_Generation[sdk=iphoneos*]" = YES;
				"INFOPLIST_KEY_UIApplicationSceneManifest_Generation[sdk=iphonesimulator*]" = YES;
				"INFOPLIST_KEY_UIApplicationSupportsIndirectInputEvents[sdk=iphoneos*]" = YES;
				"INFOPLIST_KEY_UIApplicationSupportsIndirectInputEvents[sdk=iphonesimulator*]" = YES;
				"INFOPLIST_KEY_UILaunchScreen_Generation[sdk=iphoneos*]" = YES;
				"INFOPLIST_KEY_UILaunchScreen_Generation[sdk=iphonesimulator*]" = YES;
				"INFOPLIST_KEY_UIStatusBarStyle[sdk=iphoneos*]" = UIStatusBarStyleDefault;
				"INFOPLIST_KEY_UIStatusBarStyle[sdk=iphonesimulator*]" = UIStatusBarStyleDefault;
				INFOPLIST_KEY_UISupportedInterfaceOrientations_iPad = "UIInterfaceOrientationPortrait UIInterfaceOrientationPortraitUpsideDown UIInterfaceOrientationLandscapeLeft UIInterfaceOrientationLandscapeRight";
				INFOPLIST_KEY_UISupportedInterfaceOrientations_iPhone = "UIInterfaceOrientationPortrait UIInterfaceOrientationLandscapeLeft UIInterfaceOrientationLandscapeRight";
				IPHONEOS_DEPLOYMENT_TARGET = 16.4;
				LD_RUNPATH_SEARCH_PATHS = "@executable_path/Frameworks";
				"LD_RUNPATH_SEARCH_PATHS[sdk=macosx*]" = "@executable_path/../Frameworks";
				MACOSX_DEPLOYMENT_TARGET = 13.3;
				MARKETING_VERSION = 1.0;
				PRODUCT_BUNDLE_IDENTIFIER = "anroswart.swapi-swiftui";
				PRODUCT_NAME = "$(TARGET_NAME)";
				SDKROOT = auto;
				SUPPORTED_PLATFORMS = "iphoneos iphonesimulator macosx";
				SWIFT_EMIT_LOC_STRINGS = YES;
				SWIFT_VERSION = 5.0;
				TARGETED_DEVICE_FAMILY = "1,2";
			};
			name = Debug;
		};
		74995F322AAE0D3F001CC74B /* Release */ = {
			isa = XCBuildConfiguration;
			buildSettings = {
				ASSETCATALOG_COMPILER_APPICON_NAME = AppIcon;
				ASSETCATALOG_COMPILER_GLOBAL_ACCENT_COLOR_NAME = AccentColor;
				CODE_SIGN_ENTITLEMENTS = "swapi-swiftui/swapi_swiftui.entitlements";
				CODE_SIGN_STYLE = Automatic;
				CURRENT_PROJECT_VERSION = 1;
				DEVELOPMENT_ASSET_PATHS = "\"swapi-swiftui/Preview Content\"";
				ENABLE_PREVIEWS = YES;
				GENERATE_INFOPLIST_FILE = YES;
				"INFOPLIST_KEY_UIApplicationSceneManifest_Generation[sdk=iphoneos*]" = YES;
				"INFOPLIST_KEY_UIApplicationSceneManifest_Generation[sdk=iphonesimulator*]" = YES;
				"INFOPLIST_KEY_UIApplicationSupportsIndirectInputEvents[sdk=iphoneos*]" = YES;
				"INFOPLIST_KEY_UIApplicationSupportsIndirectInputEvents[sdk=iphonesimulator*]" = YES;
				"INFOPLIST_KEY_UILaunchScreen_Generation[sdk=iphoneos*]" = YES;
				"INFOPLIST_KEY_UILaunchScreen_Generation[sdk=iphonesimulator*]" = YES;
				"INFOPLIST_KEY_UIStatusBarStyle[sdk=iphoneos*]" = UIStatusBarStyleDefault;
				"INFOPLIST_KEY_UIStatusBarStyle[sdk=iphonesimulator*]" = UIStatusBarStyleDefault;
				INFOPLIST_KEY_UISupportedInterfaceOrientations_iPad = "UIInterfaceOrientationPortrait UIInterfaceOrientationPortraitUpsideDown UIInterfaceOrientationLandscapeLeft UIInterfaceOrientationLandscapeRight";
				INFOPLIST_KEY_UISupportedInterfaceOrientations_iPhone = "UIInterfaceOrientationPortrait UIInterfaceOrientationLandscapeLeft UIInterfaceOrientationLandscapeRight";
				IPHONEOS_DEPLOYMENT_TARGET = 16.4;
				LD_RUNPATH_SEARCH_PATHS = "@executable_path/Frameworks";
				"LD_RUNPATH_SEARCH_PATHS[sdk=macosx*]" = "@executable_path/../Frameworks";
				MACOSX_DEPLOYMENT_TARGET = 13.3;
				MARKETING_VERSION = 1.0;
				PRODUCT_BUNDLE_IDENTIFIER = "anroswart.swapi-swiftui";
				PRODUCT_NAME = "$(TARGET_NAME)";
				SDKROOT = auto;
				SUPPORTED_PLATFORMS = "iphoneos iphonesimulator macosx";
				SWIFT_EMIT_LOC_STRINGS = YES;
				SWIFT_VERSION = 5.0;
				TARGETED_DEVICE_FAMILY = "1,2";
			};
			name = Release;
		};
		74995F342AAE0D3F001CC74B /* Debug */ = {
			isa = XCBuildConfiguration;
			buildSettings = {
				ALWAYS_EMBED_SWIFT_STANDARD_LIBRARIES = YES;
				BUNDLE_LOADER = "$(TEST_HOST)";
				CODE_SIGN_STYLE = Automatic;
				CURRENT_PROJECT_VERSION = 1;
				GENERATE_INFOPLIST_FILE = YES;
				IPHONEOS_DEPLOYMENT_TARGET = 16.4;
				MACOSX_DEPLOYMENT_TARGET = 13.3;
				MARKETING_VERSION = 1.0;
				PRODUCT_BUNDLE_IDENTIFIER = "anroswart.swapi-swiftuiTests";
				PRODUCT_NAME = "$(TARGET_NAME)";
				SDKROOT = auto;
				SUPPORTED_PLATFORMS = "iphoneos iphonesimulator macosx";
				SWIFT_EMIT_LOC_STRINGS = NO;
				SWIFT_VERSION = 5.0;
				TARGETED_DEVICE_FAMILY = "1,2";
				TEST_HOST = "$(BUILT_PRODUCTS_DIR)/swapi-swiftui.app/$(BUNDLE_EXECUTABLE_FOLDER_PATH)/swapi-swiftui";
			};
			name = Debug;
		};
		74995F352AAE0D3F001CC74B /* Release */ = {
			isa = XCBuildConfiguration;
			buildSettings = {
				ALWAYS_EMBED_SWIFT_STANDARD_LIBRARIES = YES;
				BUNDLE_LOADER = "$(TEST_HOST)";
				CODE_SIGN_STYLE = Automatic;
				CURRENT_PROJECT_VERSION = 1;
				GENERATE_INFOPLIST_FILE = YES;
				IPHONEOS_DEPLOYMENT_TARGET = 16.4;
				MACOSX_DEPLOYMENT_TARGET = 13.3;
				MARKETING_VERSION = 1.0;
				PRODUCT_BUNDLE_IDENTIFIER = "anroswart.swapi-swiftuiTests";
				PRODUCT_NAME = "$(TARGET_NAME)";
				SDKROOT = auto;
				SUPPORTED_PLATFORMS = "iphoneos iphonesimulator macosx";
				SWIFT_EMIT_LOC_STRINGS = NO;
				SWIFT_VERSION = 5.0;
				TARGETED_DEVICE_FAMILY = "1,2";
				TEST_HOST = "$(BUILT_PRODUCTS_DIR)/swapi-swiftui.app/$(BUNDLE_EXECUTABLE_FOLDER_PATH)/swapi-swiftui";
			};
			name = Release;
		};
		74995F372AAE0D3F001CC74B /* Debug */ = {
			isa = XCBuildConfiguration;
			buildSettings = {
				ALWAYS_EMBED_SWIFT_STANDARD_LIBRARIES = YES;
				CODE_SIGN_STYLE = Automatic;
				CURRENT_PROJECT_VERSION = 1;
				GENERATE_INFOPLIST_FILE = YES;
				IPHONEOS_DEPLOYMENT_TARGET = 16.4;
				MACOSX_DEPLOYMENT_TARGET = 13.3;
				MARKETING_VERSION = 1.0;
				PRODUCT_BUNDLE_IDENTIFIER = "anroswart.swapi-swiftuiUITests";
				PRODUCT_NAME = "$(TARGET_NAME)";
				SDKROOT = auto;
				SUPPORTED_PLATFORMS = "iphoneos iphonesimulator macosx";
				SWIFT_EMIT_LOC_STRINGS = NO;
				SWIFT_VERSION = 5.0;
				TARGETED_DEVICE_FAMILY = "1,2";
				TEST_TARGET_NAME = "swapi-swiftui";
			};
			name = Debug;
		};
		74995F382AAE0D3F001CC74B /* Release */ = {
			isa = XCBuildConfiguration;
			buildSettings = {
				ALWAYS_EMBED_SWIFT_STANDARD_LIBRARIES = YES;
				CODE_SIGN_STYLE = Automatic;
				CURRENT_PROJECT_VERSION = 1;
				GENERATE_INFOPLIST_FILE = YES;
				IPHONEOS_DEPLOYMENT_TARGET = 16.4;
				MACOSX_DEPLOYMENT_TARGET = 13.3;
				MARKETING_VERSION = 1.0;
				PRODUCT_BUNDLE_IDENTIFIER = "anroswart.swapi-swiftuiUITests";
				PRODUCT_NAME = "$(TARGET_NAME)";
				SDKROOT = auto;
				SUPPORTED_PLATFORMS = "iphoneos iphonesimulator macosx";
				SWIFT_EMIT_LOC_STRINGS = NO;
				SWIFT_VERSION = 5.0;
				TARGETED_DEVICE_FAMILY = "1,2";
				TEST_TARGET_NAME = "swapi-swiftui";
			};
			name = Release;
		};
/* End XCBuildConfiguration section */

/* Begin XCConfigurationList section */
		74995F062AAE0D3D001CC74B /* Build configuration list for PBXProject "swapi-swiftui" */ = {
			isa = XCConfigurationList;
			buildConfigurations = (
				74995F2E2AAE0D3F001CC74B /* Debug */,
				74995F2F2AAE0D3F001CC74B /* Release */,
			);
			defaultConfigurationIsVisible = 0;
			defaultConfigurationName = Release;
		};
		74995F302AAE0D3F001CC74B /* Build configuration list for PBXNativeTarget "swapi-swiftui" */ = {
			isa = XCConfigurationList;
			buildConfigurations = (
				74995F312AAE0D3F001CC74B /* Debug */,
				74995F322AAE0D3F001CC74B /* Release */,
			);
			defaultConfigurationIsVisible = 0;
			defaultConfigurationName = Release;
		};
		74995F332AAE0D3F001CC74B /* Build configuration list for PBXNativeTarget "swapi-swiftuiTests" */ = {
			isa = XCConfigurationList;
			buildConfigurations = (
				74995F342AAE0D3F001CC74B /* Debug */,
				74995F352AAE0D3F001CC74B /* Release */,
			);
			defaultConfigurationIsVisible = 0;
			defaultConfigurationName = Release;
		};
		74995F362AAE0D3F001CC74B /* Build configuration list for PBXNativeTarget "swapi-swiftuiUITests" */ = {
			isa = XCConfigurationList;
			buildConfigurations = (
				74995F372AAE0D3F001CC74B /* Debug */,
				74995F382AAE0D3F001CC74B /* Release */,
			);
			defaultConfigurationIsVisible = 0;
			defaultConfigurationName = Release;
		};
/* End XCConfigurationList section */
	};
	rootObject = 74995F032AAE0D3D001CC74B /* Project object */;
}
